
Microsoft Visual Studio Solution File, Format Version 12.00
# Visual Studio Version 16
VisualStudioVersion = 16.0.31105.61
MinimumVisualStudioVersion = 10.0.40219.1
Project("{FAE04EC0-301F-11D3-BF4B-00C04F79EFBC}") = "HelpJakob-H2", "HelpJakob-H2\HelpJakob-H2.csproj", "{E8383AA0-0857-4300-91D9-83E0CE495B57}"
EndProject
Global
	GlobalSection(SolutionConfigurationPlatforms) = preSolution
		Debug|Any CPU = Debug|Any CPU
		Release|Any CPU = Release|Any CPU
	EndGlobalSection
	GlobalSection(ProjectConfigurationPlatforms) = postSolution
		{E8383AA0-0857-4300-91D9-83E0CE495B57}.Debug|Any CPU.ActiveCfg = Debug|Any CPU
		{E8383AA0-0857-4300-91D9-83E0CE495B57}.Debug|Any CPU.Build.0 = Debug|Any CPU
		{E8383AA0-0857-4300-91D9-83E0CE495B57}.Release|Any CPU.ActiveCfg = Release|Any CPU
		{E8383AA0-0857-4300-91D9-83E0CE495B57}.Release|Any CPU.Build.0 = Release|Any CPU
	EndGlobalSection
	GlobalSection(SolutionProperties) = preSolution
		HideSolutionNode = FALSE
	EndGlobalSection
	GlobalSection(ExtensibilityGlobals) = postSolution
		SolutionGuid = {7BD8CFC8-84C5-4F80-91FA-A99C77818FBB}
	EndGlobalSection
EndGlobal
